# THIS IS AN AUTOGENERATED FILE. DO NOT EDIT THIS FILE DIRECTLY.
# yarn lockfile v1


"@mdi/font@^4.2.95":
  version "4.9.95"
  resolved "https://registry.yarnpkg.com/@mdi/font/-/font-4.9.95.tgz#00ed2ffe289c9230f146e74559c07542d3f4475a"
  integrity sha512-m2sbAs+SMwRnWpkMriBxEulwuhmqRyh6X+hdOZlqSxYZUM2C2TaDnQ4gcilzdoAgru2XYnWViZ/xPuSDGgRXVw==

"@mdi/svg@^4.2.95":
  version "4.9.95"
  resolved "https://registry.yarnpkg.com/@mdi/svg/-/svg-4.9.95.tgz#4e9d2b26b12e22f751336b35ba3cb763817e4c45"
  integrity sha512-4RBtbnPlILP5TIQJ2p3t3VD6D+HcCeQtrFTKoa5e+v3ZvRbylffttYovtcFKfgEJ+Tk0s9t2NgLcPUyQtD9Rxg==

crypto-js@^3.1.9-1:
  version "3.3.0"
  resolved "https://registry.yarnpkg.com/crypto-js/-/crypto-js-3.3.0.tgz#846dd1cce2f68aacfa156c8578f926a609b7976b"
  integrity sha512-DIT51nX0dCfKltpRiXV+/TVZq+Qq2NgF4644+K7Ttnla7zEzqc+kjJyiB96BHNyUTBxyjzRcZYpUdZa+QAqi6Q==

materialize-css@^1.0.0:
  version "1.0.0"
  resolved "https://registry.yarnpkg.com/materialize-css/-/materialize-css-1.0.0.tgz#8d5db1c4a81c6d65f3b2e2ca83a8e08daa24d1be"
  integrity sha512-4/oecXl8y/1i8RDZvyvwAICyqwNoKU4or5uf8uoAd74k76KzZ0Llym4zhJ5lLNUskcqjO0AuMcvNyDkpz8Z6zw==
