# THIS IS AN AUTOGENERATED FILE. DO NOT EDIT THIS FILE DIRECTLY.
# yarn lockfile v1


"@mdi/font@^4.2.95":
  version "4.8.95"
  resolved "https://registry.yarnpkg.com/@mdi/font/-/font-4.8.95.tgz#e026255815fbac2d5155fdf5cd3069b8dc599900"
  integrity sha512-mfEjd6kkuheZ15CBU7g/q+De9+dah/SEgVH0uZsgCJTSYa+CkXIen35aNyHoixgcEfPV4Or0NLJvyYM5CXUnbQ==

"@mdi/svg@^4.2.95":
  version "4.8.95"
  resolved "https://registry.yarnpkg.com/@mdi/svg/-/svg-4.8.95.tgz#a48c3cb027bca12a3aa73ad3ef686d0284251109"
  integrity sha512-jG+e5B8Y3/vlGWtpKHvDXUCl/evd782GQ4x2Zfpdi6oexZELy+euaXfZNKlqWGUbXVAxqSHyBo6nyAsn60UB5A==

crypto-js@^3.1.9-1:
  version "3.1.9-1"
  resolved "https://registry.yarnpkg.com/crypto-js/-/crypto-js-3.1.9-1.tgz#fda19e761fc077e01ffbfdc6e9fdfc59e8806cd8"
  integrity sha1-/aGedh/Ad+Af+/3G6f38WeiAbNg=

materialize-css@^1.0.0:
  version "1.0.0"
  resolved "https://registry.yarnpkg.com/materialize-css/-/materialize-css-1.0.0.tgz#8d5db1c4a81c6d65f3b2e2ca83a8e08daa24d1be"
  integrity sha512-4/oecXl8y/1i8RDZvyvwAICyqwNoKU4or5uf8uoAd74k76KzZ0Llym4zhJ5lLNUskcqjO0AuMcvNyDkpz8Z6zw==
